
Microsoft Visual Studio Solution File, Format Version 12.00
Project("{FAE04EC0-301F-11D3-BF4B-00C04F79EFBC}") = "CommandSample", "CommandSample\CommandSample.csproj", "{DCEF511D-0D77-4A37-91C9-3D6CED133A41}"
EndProject
Global
	GlobalSection(SolutionConfigurationPlatforms) = preSolution
		Debug|Any CPU = Debug|Any CPU
		Release|Any CPU = Release|Any CPU
	EndGlobalSection
	GlobalSection(ProjectConfigurationPlatforms) = postSolution
		{DCEF511D-0D77-4A37-91C9-3D6CED133A41}.Debug|Any CPU.ActiveCfg = Debug|Any CPU
		{DCEF511D-0D77-4A37-91C9-3D6CED133A41}.Debug|Any CPU.Build.0 = Debug|Any CPU
		{DCEF511D-0D77-4A37-91C9-3D6CED133A41}.Release|Any CPU.ActiveCfg = Release|Any CPU
		{DCEF511D-0D77-4A37-91C9-3D6CED133A41}.Release|Any CPU.Build.0 = Release|Any CPU
	EndGlobalSection
EndGlobal
